
Microsoft Visual Studio Solution File, Format Version 12.00
Project("{FAE04EC0-301F-11D3-BF4B-00C04F79EFBC}") = "Poco", "Poco.csproj", "{E4D39C78-F669-4576-8473-E18B990F6BFC}"
EndProject
Project("{FAE04EC0-301F-11D3-BF4B-00C04F79EFBC}") = "Poco.Tests", "..\Poco.Tests\Poco.Tests.csproj", "{A19364CF-7D4F-4756-B9DE-835FD2DDF6E3}"
EndProject
Global
	GlobalSection(SolutionConfigurationPlatforms) = preSolution
		Debug|Any CPU = Debug|Any CPU
		Debug|x64 = Debug|x64
		Debug|x86 = Debug|x86
		Release|Any CPU = Release|Any CPU
		Release|x64 = Release|x64
		Release|x86 = Release|x86
	EndGlobalSection
	GlobalSection(ProjectConfigurationPlatforms) = postSolution
		{E4D39C78-F669-4576-8473-E18B990F6BFC}.Debug|Any CPU.ActiveCfg = Debug|Any CPU
		{E4D39C78-F669-4576-8473-E18B990F6BFC}.Debug|Any CPU.Build.0 = Debug|Any CPU
		{E4D39C78-F669-4576-8473-E18B990F6BFC}.Debug|x64.ActiveCfg = Debug|Any CPU
		{E4D39C78-F669-4576-8473-E18B990F6BFC}.Debug|x64.Build.0 = Debug|Any CPU
		{E4D39C78-F669-4576-8473-E18B990F6BFC}.Debug|x86.ActiveCfg = Debug|Any CPU
		{E4D39C78-F669-4576-8473-E18B990F6BFC}.Debug|x86.Build.0 = Debug|Any CPU
		{E4D39C78-F669-4576-8473-E18B990F6BFC}.Release|Any CPU.ActiveCfg = Release|Any CPU
		{E4D39C78-F669-4576-8473-E18B990F6BFC}.Release|Any CPU.Build.0 = Release|Any CPU
		{E4D39C78-F669-4576-8473-E18B990F6BFC}.Release|x64.ActiveCfg = Release|Any CPU
		{E4D39C78-F669-4576-8473-E18B990F6BFC}.Release|x64.Build.0 = Release|Any CPU
		{E4D39C78-F669-4576-8473-E18B990F6BFC}.Release|x86.ActiveCfg = Release|Any CPU
		{E4D39C78-F669-4576-8473-E18B990F6BFC}.Release|x86.Build.0 = Release|Any CPU
		{A19364CF-7D4F-4756-B9DE-835FD2DDF6E3}.Debug|Any CPU.ActiveCfg = Debug|Any CPU
		{A19364CF-7D4F-4756-B9DE-835FD2DDF6E3}.Debug|Any CPU.Build.0 = Debug|Any CPU
		{A19364CF-7D4F-4756-B9DE-835FD2DDF6E3}.Debug|x64.ActiveCfg = Debug|Any CPU
		{A19364CF-7D4F-4756-B9DE-835FD2DDF6E3}.Debug|x64.Build.0 = Debug|Any CPU
		{A19364CF-7D4F-4756-B9DE-835FD2DDF6E3}.Debug|x86.ActiveCfg = Debug|Any CPU
		{A19364CF-7D4F-4756-B9DE-835FD2DDF6E3}.Debug|x86.Build.0 = Debug|Any CPU
		{A19364CF-7D4F-4756-B9DE-835FD2DDF6E3}.Release|Any CPU.ActiveCfg = Release|Any CPU
		{A19364CF-7D4F-4756-B9DE-835FD2DDF6E3}.Release|Any CPU.Build.0 = Release|Any CPU
		{A19364CF-7D4F-4756-B9DE-835FD2DDF6E3}.Release|x64.ActiveCfg = Release|Any CPU
		{A19364CF-7D4F-4756-B9DE-835FD2DDF6E3}.Release|x64.Build.0 = Release|Any CPU
		{A19364CF-7D4F-4756-B9DE-835FD2DDF6E3}.Release|x86.ActiveCfg = Release|Any CPU
		{A19364CF-7D4F-4756-B9DE-835FD2DDF6E3}.Release|x86.Build.0 = Release|Any CPU
	EndGlobalSection
	GlobalSection(SolutionProperties) = preSolution
		HideSolutionNode = FALSE
	EndGlobalSection
EndGlobal
